
Microsoft Visual Studio Solution File, Format Version 12.00
# Visual Studio Version 17
VisualStudioVersion = 17.13.35818.85 d17.13
MinimumVisualStudioVersion = 10.0.40219.1
Project("{FAE04EC0-301F-11D3-BF4B-00C04F79EFBC}") = "Study20", "Study20\Study20.csproj", "{EF95ECC9-E914-435D-91A9-1B89A53D825C}"
EndProject
Global
	GlobalSection(SolutionConfigurationPlatforms) = preSolution
		Debug|Any CPU = Debug|Any CPU
		Release|Any CPU = Release|Any CPU
	EndGlobalSection
	GlobalSection(ProjectConfigurationPlatforms) = postSolution
		{EF95ECC9-E914-435D-91A9-1B89A53D825C}.Debug|Any CPU.ActiveCfg = Debug|Any CPU
		{EF95ECC9-E914-435D-91A9-1B89A53D825C}.Debug|Any CPU.Build.0 = Debug|Any CPU
		{EF95ECC9-E914-435D-91A9-1B89A53D825C}.Release|Any CPU.ActiveCfg = Release|Any CPU
		{EF95ECC9-E914-435D-91A9-1B89A53D825C}.Release|Any CPU.Build.0 = Release|Any CPU
	EndGlobalSection
	GlobalSection(SolutionProperties) = preSolution
		HideSolutionNode = FALSE
	EndGlobalSection
	GlobalSection(ExtensibilityGlobals) = postSolution
		SolutionGuid = {7CA61AFC-3933-48F1-8BD7-0BCB57B2B9E2}
	EndGlobalSection
EndGlobal
