
Microsoft Visual Studio Solution File, Format Version 12.00
# Visual Studio Version 17
VisualStudioVersion = 17.13.35818.85 d17.13
MinimumVisualStudioVersion = 10.0.40219.1
Project("{FAE04EC0-301F-11D3-BF4B-00C04F79EFBC}") = "Study22", "Study22\Study22.csproj", "{D6031921-E84C-449C-8B76-D1D1037D67BE}"
EndProject
Global
	GlobalSection(SolutionConfigurationPlatforms) = preSolution
		Debug|Any CPU = Debug|Any CPU
		Release|Any CPU = Release|Any CPU
	EndGlobalSection
	GlobalSection(ProjectConfigurationPlatforms) = postSolution
		{D6031921-E84C-449C-8B76-D1D1037D67BE}.Debug|Any CPU.ActiveCfg = Debug|Any CPU
		{D6031921-E84C-449C-8B76-D1D1037D67BE}.Debug|Any CPU.Build.0 = Debug|Any CPU
		{D6031921-E84C-449C-8B76-D1D1037D67BE}.Release|Any CPU.ActiveCfg = Release|Any CPU
		{D6031921-E84C-449C-8B76-D1D1037D67BE}.Release|Any CPU.Build.0 = Release|Any CPU
	EndGlobalSection
	GlobalSection(SolutionProperties) = preSolution
		HideSolutionNode = FALSE
	EndGlobalSection
	GlobalSection(ExtensibilityGlobals) = postSolution
		SolutionGuid = {77B43B8E-2259-42E6-A7D3-8587281D0EEC}
	EndGlobalSection
EndGlobal
