
Microsoft Visual Studio Solution File, Format Version 12.00
# Visual Studio Version 17
VisualStudioVersion = 17.13.35818.85 d17.13
MinimumVisualStudioVersion = 10.0.40219.1
Project("{FAE04EC0-301F-11D3-BF4B-00C04F79EFBC}") = "Action", "Action\Action.csproj", "{C61117FE-CECD-4187-A94B-47628D816B88}"
EndProject
Global
	GlobalSection(SolutionConfigurationPlatforms) = preSolution
		Debug|Any CPU = Debug|Any CPU
		Release|Any CPU = Release|Any CPU
	EndGlobalSection
	GlobalSection(ProjectConfigurationPlatforms) = postSolution
		{C61117FE-CECD-4187-A94B-47628D816B88}.Debug|Any CPU.ActiveCfg = Debug|Any CPU
		{C61117FE-CECD-4187-A94B-47628D816B88}.Debug|Any CPU.Build.0 = Debug|Any CPU
		{C61117FE-CECD-4187-A94B-47628D816B88}.Release|Any CPU.ActiveCfg = Release|Any CPU
		{C61117FE-CECD-4187-A94B-47628D816B88}.Release|Any CPU.Build.0 = Release|Any CPU
	EndGlobalSection
	GlobalSection(SolutionProperties) = preSolution
		HideSolutionNode = FALSE
	EndGlobalSection
	GlobalSection(ExtensibilityGlobals) = postSolution
		SolutionGuid = {5612536E-EC5F-4D7C-8D15-0510511C0FB2}
	EndGlobalSection
EndGlobal
