
Microsoft Visual Studio Solution File, Format Version 12.00
# Visual Studio Version 17
VisualStudioVersion = 17.13.35818.85 d17.13
MinimumVisualStudioVersion = 10.0.40219.1
Project("{FAE04EC0-301F-11D3-BF4B-00C04F79EFBC}") = "Study21", "Study21\Study21.csproj", "{7FBEE172-5B28-4FCD-9715-AA2C62AC07E2}"
EndProject
Global
	GlobalSection(SolutionConfigurationPlatforms) = preSolution
		Debug|Any CPU = Debug|Any CPU
		Release|Any CPU = Release|Any CPU
	EndGlobalSection
	GlobalSection(ProjectConfigurationPlatforms) = postSolution
		{7FBEE172-5B28-4FCD-9715-AA2C62AC07E2}.Debug|Any CPU.ActiveCfg = Debug|Any CPU
		{7FBEE172-5B28-4FCD-9715-AA2C62AC07E2}.Debug|Any CPU.Build.0 = Debug|Any CPU
		{7FBEE172-5B28-4FCD-9715-AA2C62AC07E2}.Release|Any CPU.ActiveCfg = Release|Any CPU
		{7FBEE172-5B28-4FCD-9715-AA2C62AC07E2}.Release|Any CPU.Build.0 = Release|Any CPU
	EndGlobalSection
	GlobalSection(SolutionProperties) = preSolution
		HideSolutionNode = FALSE
	EndGlobalSection
	GlobalSection(ExtensibilityGlobals) = postSolution
		SolutionGuid = {24CBD881-F3F4-4C89-9561-4CDD2FB58F0D}
	EndGlobalSection
EndGlobal
