
Microsoft Visual Studio Solution File, Format Version 12.00
# Visual Studio Version 17
VisualStudioVersion = 17.13.35818.85 d17.13
MinimumVisualStudioVersion = 10.0.40219.1
Project("{FAE04EC0-301F-11D3-BF4B-00C04F79EFBC}") = "Study31", "Study31\Study31.csproj", "{8E62433F-A5FE-489D-BCF1-122CD4C148B7}"
EndProject
Global
	GlobalSection(SolutionConfigurationPlatforms) = preSolution
		Debug|Any CPU = Debug|Any CPU
		Release|Any CPU = Release|Any CPU
	EndGlobalSection
	GlobalSection(ProjectConfigurationPlatforms) = postSolution
		{8E62433F-A5FE-489D-BCF1-122CD4C148B7}.Debug|Any CPU.ActiveCfg = Debug|Any CPU
		{8E62433F-A5FE-489D-BCF1-122CD4C148B7}.Debug|Any CPU.Build.0 = Debug|Any CPU
		{8E62433F-A5FE-489D-BCF1-122CD4C148B7}.Release|Any CPU.ActiveCfg = Release|Any CPU
		{8E62433F-A5FE-489D-BCF1-122CD4C148B7}.Release|Any CPU.Build.0 = Release|Any CPU
	EndGlobalSection
	GlobalSection(SolutionProperties) = preSolution
		HideSolutionNode = FALSE
	EndGlobalSection
	GlobalSection(ExtensibilityGlobals) = postSolution
		SolutionGuid = {BA7AC76E-76FD-4994-BFCD-B7E9BC7261ED}
	EndGlobalSection
EndGlobal
