
Microsoft Visual Studio Solution File, Format Version 12.00
# Visual Studio Version 17
VisualStudioVersion = 17.13.35818.85 d17.13
MinimumVisualStudioVersion = 10.0.40219.1
Project("{FAE04EC0-301F-11D3-BF4B-00C04F79EFBC}") = "ShootingStudy", "ShootingStudy\ShootingStudy.csproj", "{481BB148-36E0-47D4-ADF5-43F4E031DF5C}"
EndProject
Global
	GlobalSection(SolutionConfigurationPlatforms) = preSolution
		Debug|Any CPU = Debug|Any CPU
		Release|Any CPU = Release|Any CPU
	EndGlobalSection
	GlobalSection(ProjectConfigurationPlatforms) = postSolution
		{481BB148-36E0-47D4-ADF5-43F4E031DF5C}.Debug|Any CPU.ActiveCfg = Debug|Any CPU
		{481BB148-36E0-47D4-ADF5-43F4E031DF5C}.Debug|Any CPU.Build.0 = Debug|Any CPU
		{481BB148-36E0-47D4-ADF5-43F4E031DF5C}.Release|Any CPU.ActiveCfg = Release|Any CPU
		{481BB148-36E0-47D4-ADF5-43F4E031DF5C}.Release|Any CPU.Build.0 = Release|Any CPU
	EndGlobalSection
	GlobalSection(SolutionProperties) = preSolution
		HideSolutionNode = FALSE
	EndGlobalSection
	GlobalSection(ExtensibilityGlobals) = postSolution
		SolutionGuid = {2EF78D40-40A2-4C24-8EA6-79B646E37C1B}
	EndGlobalSection
EndGlobal
