
Microsoft Visual Studio Solution File, Format Version 12.00
# Visual Studio Version 17
VisualStudioVersion = 17.13.35818.85 d17.13
MinimumVisualStudioVersion = 10.0.40219.1
Project("{FAE04EC0-301F-11D3-BF4B-00C04F79EFBC}") = "Study35", "Study35\Study35.csproj", "{18F030B6-DA85-49F5-813D-5F1E0A7BF235}"
EndProject
Global
	GlobalSection(SolutionConfigurationPlatforms) = preSolution
		Debug|Any CPU = Debug|Any CPU
		Release|Any CPU = Release|Any CPU
	EndGlobalSection
	GlobalSection(ProjectConfigurationPlatforms) = postSolution
		{18F030B6-DA85-49F5-813D-5F1E0A7BF235}.Debug|Any CPU.ActiveCfg = Debug|Any CPU
		{18F030B6-DA85-49F5-813D-5F1E0A7BF235}.Debug|Any CPU.Build.0 = Debug|Any CPU
		{18F030B6-DA85-49F5-813D-5F1E0A7BF235}.Release|Any CPU.ActiveCfg = Release|Any CPU
		{18F030B6-DA85-49F5-813D-5F1E0A7BF235}.Release|Any CPU.Build.0 = Release|Any CPU
	EndGlobalSection
	GlobalSection(SolutionProperties) = preSolution
		HideSolutionNode = FALSE
	EndGlobalSection
	GlobalSection(ExtensibilityGlobals) = postSolution
		SolutionGuid = {CBB41736-CFD5-4857-905D-A6E6EE99525E}
	EndGlobalSection
EndGlobal
