
Microsoft Visual Studio Solution File, Format Version 12.00
# Visual Studio Version 17
VisualStudioVersion = 17.13.35818.85 d17.13
MinimumVisualStudioVersion = 10.0.40219.1
Project("{FAE04EC0-301F-11D3-BF4B-00C04F79EFBC}") = "Bingo", "Bingo\Bingo.csproj", "{B000A171-D668-419E-87DF-C2832C8178D8}"
EndProject
Global
	GlobalSection(SolutionConfigurationPlatforms) = preSolution
		Debug|Any CPU = Debug|Any CPU
		Release|Any CPU = Release|Any CPU
	EndGlobalSection
	GlobalSection(ProjectConfigurationPlatforms) = postSolution
		{B000A171-D668-419E-87DF-C2832C8178D8}.Debug|Any CPU.ActiveCfg = Debug|Any CPU
		{B000A171-D668-419E-87DF-C2832C8178D8}.Debug|Any CPU.Build.0 = Debug|Any CPU
		{B000A171-D668-419E-87DF-C2832C8178D8}.Release|Any CPU.ActiveCfg = Release|Any CPU
		{B000A171-D668-419E-87DF-C2832C8178D8}.Release|Any CPU.Build.0 = Release|Any CPU
	EndGlobalSection
	GlobalSection(SolutionProperties) = preSolution
		HideSolutionNode = FALSE
	EndGlobalSection
	GlobalSection(ExtensibilityGlobals) = postSolution
		SolutionGuid = {571F5F48-B658-4885-8B86-C3BA07C24492}
	EndGlobalSection
EndGlobal
