
Microsoft Visual Studio Solution File, Format Version 12.00
# Visual Studio Version 17
VisualStudioVersion = 17.13.35818.85 d17.13
MinimumVisualStudioVersion = 10.0.40219.1
Project("{FAE04EC0-301F-11D3-BF4B-00C04F79EFBC}") = "studyy", "studyy\studyy.csproj", "{D0973FD0-B3B2-4FD6-B512-ADF3BB4229FF}"
EndProject
Global
	GlobalSection(SolutionConfigurationPlatforms) = preSolution
		Debug|Any CPU = Debug|Any CPU
		Release|Any CPU = Release|Any CPU
	EndGlobalSection
	GlobalSection(ProjectConfigurationPlatforms) = postSolution
		{D0973FD0-B3B2-4FD6-B512-ADF3BB4229FF}.Debug|Any CPU.ActiveCfg = Debug|Any CPU
		{D0973FD0-B3B2-4FD6-B512-ADF3BB4229FF}.Debug|Any CPU.Build.0 = Debug|Any CPU
		{D0973FD0-B3B2-4FD6-B512-ADF3BB4229FF}.Release|Any CPU.ActiveCfg = Release|Any CPU
		{D0973FD0-B3B2-4FD6-B512-ADF3BB4229FF}.Release|Any CPU.Build.0 = Release|Any CPU
	EndGlobalSection
	GlobalSection(SolutionProperties) = preSolution
		HideSolutionNode = FALSE
	EndGlobalSection
	GlobalSection(ExtensibilityGlobals) = postSolution
		SolutionGuid = {52CB29F3-DF22-4B0C-9968-5BF5E7732DD9}
	EndGlobalSection
EndGlobal
