
Microsoft Visual Studio Solution File, Format Version 12.00
# Visual Studio Version 17
VisualStudioVersion = 17.13.35818.85 d17.13
MinimumVisualStudioVersion = 10.0.40219.1
Project("{FAE04EC0-301F-11D3-BF4B-00C04F79EFBC}") = "Study29", "Study29\Study29.csproj", "{D32FB2AA-0FA6-439B-901C-B5024372EBD2}"
EndProject
Global
	GlobalSection(SolutionConfigurationPlatforms) = preSolution
		Debug|Any CPU = Debug|Any CPU
		Release|Any CPU = Release|Any CPU
	EndGlobalSection
	GlobalSection(ProjectConfigurationPlatforms) = postSolution
		{D32FB2AA-0FA6-439B-901C-B5024372EBD2}.Debug|Any CPU.ActiveCfg = Debug|Any CPU
		{D32FB2AA-0FA6-439B-901C-B5024372EBD2}.Debug|Any CPU.Build.0 = Debug|Any CPU
		{D32FB2AA-0FA6-439B-901C-B5024372EBD2}.Release|Any CPU.ActiveCfg = Release|Any CPU
		{D32FB2AA-0FA6-439B-901C-B5024372EBD2}.Release|Any CPU.Build.0 = Release|Any CPU
	EndGlobalSection
	GlobalSection(SolutionProperties) = preSolution
		HideSolutionNode = FALSE
	EndGlobalSection
	GlobalSection(ExtensibilityGlobals) = postSolution
		SolutionGuid = {5BA952E8-9C5E-4293-A1AE-9232F16DCF68}
	EndGlobalSection
EndGlobal
