
Microsoft Visual Studio Solution File, Format Version 12.00
# Visual Studio Version 17
VisualStudioVersion = 17.13.35818.85 d17.13
MinimumVisualStudioVersion = 10.0.40219.1
Project("{FAE04EC0-301F-11D3-BF4B-00C04F79EFBC}") = "studystudy", "studystudy\studystudy.csproj", "{B84617AE-A0B8-4A36-8C58-CDB4B93B41FD}"
EndProject
Global
	GlobalSection(SolutionConfigurationPlatforms) = preSolution
		Debug|Any CPU = Debug|Any CPU
		Release|Any CPU = Release|Any CPU
	EndGlobalSection
	GlobalSection(ProjectConfigurationPlatforms) = postSolution
		{B84617AE-A0B8-4A36-8C58-CDB4B93B41FD}.Debug|Any CPU.ActiveCfg = Debug|Any CPU
		{B84617AE-A0B8-4A36-8C58-CDB4B93B41FD}.Debug|Any CPU.Build.0 = Debug|Any CPU
		{B84617AE-A0B8-4A36-8C58-CDB4B93B41FD}.Release|Any CPU.ActiveCfg = Release|Any CPU
		{B84617AE-A0B8-4A36-8C58-CDB4B93B41FD}.Release|Any CPU.Build.0 = Release|Any CPU
	EndGlobalSection
	GlobalSection(SolutionProperties) = preSolution
		HideSolutionNode = FALSE
	EndGlobalSection
	GlobalSection(ExtensibilityGlobals) = postSolution
		SolutionGuid = {DC72E349-20E6-4840-98E8-58261DA69829}
	EndGlobalSection
EndGlobal
