
Microsoft Visual Studio Solution File, Format Version 12.00
# Visual Studio Version 17
VisualStudioVersion = 17.13.35818.85 d17.13
MinimumVisualStudioVersion = 10.0.40219.1
Project("{FAE04EC0-301F-11D3-BF4B-00C04F79EFBC}") = "250310_연습", "250310_연습\250310_연습.csproj", "{489B4164-4A9F-4B3F-9F32-6B2126739A1E}"
EndProject
Global
	GlobalSection(SolutionConfigurationPlatforms) = preSolution
		Debug|Any CPU = Debug|Any CPU
		Release|Any CPU = Release|Any CPU
	EndGlobalSection
	GlobalSection(ProjectConfigurationPlatforms) = postSolution
		{489B4164-4A9F-4B3F-9F32-6B2126739A1E}.Debug|Any CPU.ActiveCfg = Debug|Any CPU
		{489B4164-4A9F-4B3F-9F32-6B2126739A1E}.Debug|Any CPU.Build.0 = Debug|Any CPU
		{489B4164-4A9F-4B3F-9F32-6B2126739A1E}.Release|Any CPU.ActiveCfg = Release|Any CPU
		{489B4164-4A9F-4B3F-9F32-6B2126739A1E}.Release|Any CPU.Build.0 = Release|Any CPU
	EndGlobalSection
	GlobalSection(SolutionProperties) = preSolution
		HideSolutionNode = FALSE
	EndGlobalSection
	GlobalSection(ExtensibilityGlobals) = postSolution
		SolutionGuid = {49B7AC46-9C92-4DC0-9C23-8E1E7DD94B37}
	EndGlobalSection
EndGlobal
