
Microsoft Visual Studio Solution File, Format Version 12.00
# Visual Studio Version 17
VisualStudioVersion = 17.13.35818.85 d17.13
MinimumVisualStudioVersion = 10.0.40219.1
Project("{FAE04EC0-301F-11D3-BF4B-00C04F79EFBC}") = "Task250306_2", "Task250306_2\Task250306_2.csproj", "{C99DA185-99CE-4E1A-AE51-47E507689EAA}"
EndProject
Global
	GlobalSection(SolutionConfigurationPlatforms) = preSolution
		Debug|Any CPU = Debug|Any CPU
		Release|Any CPU = Release|Any CPU
	EndGlobalSection
	GlobalSection(ProjectConfigurationPlatforms) = postSolution
		{C99DA185-99CE-4E1A-AE51-47E507689EAA}.Debug|Any CPU.ActiveCfg = Debug|Any CPU
		{C99DA185-99CE-4E1A-AE51-47E507689EAA}.Debug|Any CPU.Build.0 = Debug|Any CPU
		{C99DA185-99CE-4E1A-AE51-47E507689EAA}.Release|Any CPU.ActiveCfg = Release|Any CPU
		{C99DA185-99CE-4E1A-AE51-47E507689EAA}.Release|Any CPU.Build.0 = Release|Any CPU
	EndGlobalSection
	GlobalSection(SolutionProperties) = preSolution
		HideSolutionNode = FALSE
	EndGlobalSection
	GlobalSection(ExtensibilityGlobals) = postSolution
		SolutionGuid = {C959D834-8E74-48AD-864E-3EF3B1CF8415}
	EndGlobalSection
EndGlobal
