
Microsoft Visual Studio Solution File, Format Version 12.00
# Visual Studio Version 17
VisualStudioVersion = 17.13.35818.85 d17.13
MinimumVisualStudioVersion = 10.0.40219.1
Project("{FAE04EC0-301F-11D3-BF4B-00C04F79EFBC}") = "TodayTask3", "TodayTask3\TodayTask3.csproj", "{C610394C-F09F-4EEF-A156-671644A45094}"
EndProject
Global
	GlobalSection(SolutionConfigurationPlatforms) = preSolution
		Debug|Any CPU = Debug|Any CPU
		Release|Any CPU = Release|Any CPU
	EndGlobalSection
	GlobalSection(ProjectConfigurationPlatforms) = postSolution
		{C610394C-F09F-4EEF-A156-671644A45094}.Debug|Any CPU.ActiveCfg = Debug|Any CPU
		{C610394C-F09F-4EEF-A156-671644A45094}.Debug|Any CPU.Build.0 = Debug|Any CPU
		{C610394C-F09F-4EEF-A156-671644A45094}.Release|Any CPU.ActiveCfg = Release|Any CPU
		{C610394C-F09F-4EEF-A156-671644A45094}.Release|Any CPU.Build.0 = Release|Any CPU
	EndGlobalSection
	GlobalSection(SolutionProperties) = preSolution
		HideSolutionNode = FALSE
	EndGlobalSection
	GlobalSection(ExtensibilityGlobals) = postSolution
		SolutionGuid = {4563E711-B6DA-4E05-9B84-96ACAD3E3964}
	EndGlobalSection
EndGlobal
