
Microsoft Visual Studio Solution File, Format Version 12.00
# Visual Studio Version 17
VisualStudioVersion = 17.13.35818.85 d17.13
MinimumVisualStudioVersion = 10.0.40219.1
Project("{FAE04EC0-301F-11D3-BF4B-00C04F79EFBC}") = "LikeLion2", "LikeLion2\LikeLion2.csproj", "{A627506A-793E-412C-A981-315353AFB02A}"
EndProject
Global
	GlobalSection(SolutionConfigurationPlatforms) = preSolution
		Debug|Any CPU = Debug|Any CPU
		Release|Any CPU = Release|Any CPU
	EndGlobalSection
	GlobalSection(ProjectConfigurationPlatforms) = postSolution
		{A627506A-793E-412C-A981-315353AFB02A}.Debug|Any CPU.ActiveCfg = Debug|Any CPU
		{A627506A-793E-412C-A981-315353AFB02A}.Debug|Any CPU.Build.0 = Debug|Any CPU
		{A627506A-793E-412C-A981-315353AFB02A}.Release|Any CPU.ActiveCfg = Release|Any CPU
		{A627506A-793E-412C-A981-315353AFB02A}.Release|Any CPU.Build.0 = Release|Any CPU
	EndGlobalSection
	GlobalSection(SolutionProperties) = preSolution
		HideSolutionNode = FALSE
	EndGlobalSection
	GlobalSection(ExtensibilityGlobals) = postSolution
		SolutionGuid = {E6CE677D-2D21-4711-B1B2-30C4951FE651}
	EndGlobalSection
EndGlobal
