
Microsoft Visual Studio Solution File, Format Version 12.00
# Visual Studio Version 17
VisualStudioVersion = 17.13.35818.85 d17.13
MinimumVisualStudioVersion = 10.0.40219.1
Project("{FAE04EC0-301F-11D3-BF4B-00C04F79EFBC}") = "Study0227", "Study0227\Study0227.csproj", "{AB59E3BC-B5E1-4920-9967-9DC405C6C546}"
EndProject
Global
	GlobalSection(SolutionConfigurationPlatforms) = preSolution
		Debug|Any CPU = Debug|Any CPU
		Release|Any CPU = Release|Any CPU
	EndGlobalSection
	GlobalSection(ProjectConfigurationPlatforms) = postSolution
		{AB59E3BC-B5E1-4920-9967-9DC405C6C546}.Debug|Any CPU.ActiveCfg = Debug|Any CPU
		{AB59E3BC-B5E1-4920-9967-9DC405C6C546}.Debug|Any CPU.Build.0 = Debug|Any CPU
		{AB59E3BC-B5E1-4920-9967-9DC405C6C546}.Release|Any CPU.ActiveCfg = Release|Any CPU
		{AB59E3BC-B5E1-4920-9967-9DC405C6C546}.Release|Any CPU.Build.0 = Release|Any CPU
	EndGlobalSection
	GlobalSection(SolutionProperties) = preSolution
		HideSolutionNode = FALSE
	EndGlobalSection
	GlobalSection(ExtensibilityGlobals) = postSolution
		SolutionGuid = {85B2A2D7-49F0-4271-958B-37236B720AB3}
	EndGlobalSection
EndGlobal
