
Microsoft Visual Studio Solution File, Format Version 12.00
# Visual Studio Version 17
VisualStudioVersion = 17.13.35818.85 d17.13
MinimumVisualStudioVersion = 10.0.40219.1
Project("{FAE04EC0-301F-11D3-BF4B-00C04F79EFBC}") = "TextGame1", "TextGame1\TextGame1.csproj", "{228CC960-D44F-49D9-A1F5-9544DB6C74D3}"
EndProject
Global
	GlobalSection(SolutionConfigurationPlatforms) = preSolution
		Debug|Any CPU = Debug|Any CPU
		Release|Any CPU = Release|Any CPU
	EndGlobalSection
	GlobalSection(ProjectConfigurationPlatforms) = postSolution
		{228CC960-D44F-49D9-A1F5-9544DB6C74D3}.Debug|Any CPU.ActiveCfg = Debug|Any CPU
		{228CC960-D44F-49D9-A1F5-9544DB6C74D3}.Debug|Any CPU.Build.0 = Debug|Any CPU
		{228CC960-D44F-49D9-A1F5-9544DB6C74D3}.Release|Any CPU.ActiveCfg = Release|Any CPU
		{228CC960-D44F-49D9-A1F5-9544DB6C74D3}.Release|Any CPU.Build.0 = Release|Any CPU
	EndGlobalSection
	GlobalSection(SolutionProperties) = preSolution
		HideSolutionNode = FALSE
	EndGlobalSection
	GlobalSection(ExtensibilityGlobals) = postSolution
		SolutionGuid = {3F46CB3E-C821-4A1D-A694-9B8BD36A7391}
	EndGlobalSection
EndGlobal
